
Microsoft Visual Studio Solution File, Format Version 12.00
Project("{FAE04EC0-301F-11D3-BF4B-00C04F79EFBC}") = "PA.Web", "PA.Web\PA.Web.csproj", "{2EDE641E-563E-44D3-AFB9-08667FBB4A34}"
EndProject
Project("{2150E333-8FDC-42A3-9474-1A3956D46DE8}") = "Core", "Core", "{8345B455-7871-42BB-9026-E6587FFE26C1}"
EndProject
Project("{2150E333-8FDC-42A3-9474-1A3956D46DE8}") = "Presentation", "Presentation", "{A2642259-F3D6-4493-93FB-FC24A712EFF4}"
EndProject
Project("{2150E333-8FDC-42A3-9474-1A3956D46DE8}") = "Tests", "Tests", "{ED36FB9D-A2A9-4EF5-9AB6-16D85BA3D1F9}"
EndProject
Project("{2150E333-8FDC-42A3-9474-1A3956D46DE8}") = "Infrastructure", "Infrastructure", "{FF83F3EC-BE9E-4144-8C5F-15E3E20369B3}"
EndProject
Project("{FAE04EC0-301F-11D3-BF4B-00C04F79EFBC}") = "PA.Application", "PA.Application\PA.Application.csproj", "{93ED1CC1-333E-4FC3-A115-76B1F0B50DF4}"
EndProject
Project("{FAE04EC0-301F-11D3-BF4B-00C04F79EFBC}") = "PA.Domain", "PA.Domain\PA.Domain.csproj", "{E943928A-D9FD-43E3-AAA4-80B6E6F1BF2B}"
EndProject
Project("{FAE04EC0-301F-11D3-BF4B-00C04F79EFBC}") = "PA.Infrastructure", "PA.Infrastructure\PA.Infrastructure.csproj", "{2AC9B2C7-B3AC-4F95-B1A3-6D0ED43326E0}"
EndProject
Project("{FAE04EC0-301F-11D3-BF4B-00C04F79EFBC}") = "PA.Persistence", "PA.Persistence\PA.Persistence.csproj", "{E654388E-A8E5-46CA-8A9B-85053A5EF58F}"
EndProject
Project("{FAE04EC0-301F-11D3-BF4B-00C04F79EFBC}") = "PA.Tests", "PA.Tests\PA.Tests.csproj", "{E30D1C22-D052-4DE8-9B2D-1388779CCA75}"
EndProject
Project("{2150E333-8FDC-42A3-9474-1A3956D46DE8}") = "Common", "Common", "{C769D422-E779-4C5B-B42F-9D6D155EE48B}"
EndProject
Project("{FAE04EC0-301F-11D3-BF4B-00C04F79EFBC}") = "PA.Common", "PA.Common\PA.Common.csproj", "{A058ADFD-8FF8-46B5-908F-5C99F96F3F98}"
EndProject
Global
	GlobalSection(SolutionConfigurationPlatforms) = preSolution
		Debug|Any CPU = Debug|Any CPU
		Release|Any CPU = Release|Any CPU
	EndGlobalSection
	GlobalSection(ProjectConfigurationPlatforms) = postSolution
		{2EDE641E-563E-44D3-AFB9-08667FBB4A34}.Debug|Any CPU.ActiveCfg = Debug|Any CPU
		{2EDE641E-563E-44D3-AFB9-08667FBB4A34}.Debug|Any CPU.Build.0 = Debug|Any CPU
		{2EDE641E-563E-44D3-AFB9-08667FBB4A34}.Release|Any CPU.ActiveCfg = Release|Any CPU
		{2EDE641E-563E-44D3-AFB9-08667FBB4A34}.Release|Any CPU.Build.0 = Release|Any CPU
		{93ED1CC1-333E-4FC3-A115-76B1F0B50DF4}.Debug|Any CPU.ActiveCfg = Debug|Any CPU
		{93ED1CC1-333E-4FC3-A115-76B1F0B50DF4}.Debug|Any CPU.Build.0 = Debug|Any CPU
		{93ED1CC1-333E-4FC3-A115-76B1F0B50DF4}.Release|Any CPU.ActiveCfg = Release|Any CPU
		{93ED1CC1-333E-4FC3-A115-76B1F0B50DF4}.Release|Any CPU.Build.0 = Release|Any CPU
		{E943928A-D9FD-43E3-AAA4-80B6E6F1BF2B}.Debug|Any CPU.ActiveCfg = Debug|Any CPU
		{E943928A-D9FD-43E3-AAA4-80B6E6F1BF2B}.Debug|Any CPU.Build.0 = Debug|Any CPU
		{E943928A-D9FD-43E3-AAA4-80B6E6F1BF2B}.Release|Any CPU.ActiveCfg = Release|Any CPU
		{E943928A-D9FD-43E3-AAA4-80B6E6F1BF2B}.Release|Any CPU.Build.0 = Release|Any CPU
		{2AC9B2C7-B3AC-4F95-B1A3-6D0ED43326E0}.Debug|Any CPU.ActiveCfg = Debug|Any CPU
		{2AC9B2C7-B3AC-4F95-B1A3-6D0ED43326E0}.Debug|Any CPU.Build.0 = Debug|Any CPU
		{2AC9B2C7-B3AC-4F95-B1A3-6D0ED43326E0}.Release|Any CPU.ActiveCfg = Release|Any CPU
		{2AC9B2C7-B3AC-4F95-B1A3-6D0ED43326E0}.Release|Any CPU.Build.0 = Release|Any CPU
		{E654388E-A8E5-46CA-8A9B-85053A5EF58F}.Debug|Any CPU.ActiveCfg = Debug|Any CPU
		{E654388E-A8E5-46CA-8A9B-85053A5EF58F}.Debug|Any CPU.Build.0 = Debug|Any CPU
		{E654388E-A8E5-46CA-8A9B-85053A5EF58F}.Release|Any CPU.ActiveCfg = Release|Any CPU
		{E654388E-A8E5-46CA-8A9B-85053A5EF58F}.Release|Any CPU.Build.0 = Release|Any CPU
		{E30D1C22-D052-4DE8-9B2D-1388779CCA75}.Debug|Any CPU.ActiveCfg = Debug|Any CPU
		{E30D1C22-D052-4DE8-9B2D-1388779CCA75}.Debug|Any CPU.Build.0 = Debug|Any CPU
		{E30D1C22-D052-4DE8-9B2D-1388779CCA75}.Release|Any CPU.ActiveCfg = Release|Any CPU
		{E30D1C22-D052-4DE8-9B2D-1388779CCA75}.Release|Any CPU.Build.0 = Release|Any CPU
		{A058ADFD-8FF8-46B5-908F-5C99F96F3F98}.Debug|Any CPU.ActiveCfg = Debug|Any CPU
		{A058ADFD-8FF8-46B5-908F-5C99F96F3F98}.Debug|Any CPU.Build.0 = Debug|Any CPU
		{A058ADFD-8FF8-46B5-908F-5C99F96F3F98}.Release|Any CPU.ActiveCfg = Release|Any CPU
		{A058ADFD-8FF8-46B5-908F-5C99F96F3F98}.Release|Any CPU.Build.0 = Release|Any CPU
	EndGlobalSection
	GlobalSection(NestedProjects) = preSolution
		{93ED1CC1-333E-4FC3-A115-76B1F0B50DF4} = {8345B455-7871-42BB-9026-E6587FFE26C1}
		{E943928A-D9FD-43E3-AAA4-80B6E6F1BF2B} = {8345B455-7871-42BB-9026-E6587FFE26C1}
		{2AC9B2C7-B3AC-4F95-B1A3-6D0ED43326E0} = {FF83F3EC-BE9E-4144-8C5F-15E3E20369B3}
		{E654388E-A8E5-46CA-8A9B-85053A5EF58F} = {FF83F3EC-BE9E-4144-8C5F-15E3E20369B3}
		{2EDE641E-563E-44D3-AFB9-08667FBB4A34} = {A2642259-F3D6-4493-93FB-FC24A712EFF4}
		{E30D1C22-D052-4DE8-9B2D-1388779CCA75} = {ED36FB9D-A2A9-4EF5-9AB6-16D85BA3D1F9}
		{A058ADFD-8FF8-46B5-908F-5C99F96F3F98} = {C769D422-E779-4C5B-B42F-9D6D155EE48B}
	EndGlobalSection
EndGlobal
